{
  "name": "cyberdrtabansky-com",
  "version": "1.0.0",
  "lockfileVersion": 3,
  "requires": true,
  "packages": {
    "": {
      "name": "cyberdrtabansky-com",
      "version": "1.0.0",
      "dependencies": {
        "@astrojs/sitemap": "^3.7.3",
        "@fontsource/heebo": "^5.2.8",
        "astro": "^6.4.2"
      },
      "devDependencies": {
        "@astrojs/check": "^0.9.9",
        "@astrojs/mdx": "^6.0.1",
        "@eslint/js": "^10.0.1",
        "@typescript-eslint/parser": "^8.65.0",
        "@tailwindcss/vite": "^4.3.0",
        "astro-eslint-parser": "^1.4.0",
        "eslint": "^10.4.0",
        "eslint-plugin-astro": "^1.7.0",
        "globals": "^17.6.0",
        "prettier": "^3.8.3",
        "prettier-plugin-astro": "^0.14.1",
        "sharp": "0.34.5",
        "tailwindcss": "^4.3.0",
        "typescript": "^5.9.3",
        "typescript-eslint": "^8.60.0"
      },
      "engines": {
        "node": ">=22.12.0"
      }
    },
    "node_modules/@astrojs/check": {
      "version": "0.9.9",
      "resolved": "https://registry.npmjs.org/@astrojs/check/-/check-0.9.9.tgz",
      "integrity": "sha512-A5UW8uIuErLWEoRQvzgXpO1gTjUFtK8r7nU2Z7GewAMxUb7bPvpk11qaKKgxqXlHJWlAvaaxy+Xg28A6bmQ1Tg==",
      "dev": true,
      "license": "MIT",
      "dependencies": {
        "@astrojs/language-server": "^2.16.7",
        "chokidar": "^4.0.3",
        "kleur": "^4.1.5",
        "yargs": "^17.7.2"
      },
      "bin": {
        "astro-check": "bin/astro-check.js"
      },
      "peerDependencies": {
        "typescript": "^5.0.0 || ^6.0.0"
      }
    },
    "node_modules/@astrojs/compiler": {
      "version": "2.13.1",
      "resolved": "https://registry.npmjs.org/@astrojs/compiler/-/compiler-2.13.1.tgz",
      "integrity": "sha512-f3FN83d2G/v32ipNClRKgYv30onQlMZX1vCeZMjPsMMPl1mDpmbl0+N5BYo4S/ofzqJyS5hvwacEo0CCVDn/Qg==",
      "dev": true,
      "license": "MIT"
    },
    "node_modules/@astrojs/internal-helpers": {
      "version": "0.10.0",
      "resolved": "https://registry.npmjs.org/@astrojs/internal-helpers/-/internal-helpers-0.10.0.tgz",
      "integrity": "sha512-Ry2R3VPeIN4uPCSA4xQc+e+vsJXkalKpEbDc07hV+a/o5Bs2N/s/uDcPJH/05L19DKh9tAy7e6JM3YZ6Cxfezw==",
      "license": "MIT",
      "dependencies": {
        "@types/hast": "^3.0.4",
        "@types/mdast": "^4.0.4",
        "js-yaml": "^4.1.1",
        "picomatch": "^4.0.4",
        "retext-smartypants": "^6.2.0",
        "shiki": "^4.0.2",
        "smol-toml": "^1.6.0",
        "unified": "^11.0.5"
      }
    },
    "node_modules/@astrojs/language-server": {
      "version": "2.16.13",
      "resolved": "https://registry.npmjs.org/@astrojs/language-server/-/language-server-2.16.13.tgz",
      "integrity": "sha512-ekOa+CYprEq5n4EJC1qTIAhLk49HZIUQuFwrEuF+3JK/pdMaYnWoREFUI2A0KEPOJiFA2kamBzKzbYljDvUxLg==",
      "dev": true,
      "license": "MIT",
      "dependencies": {
        "@astrojs/compiler": "^2.13.1",
        "@astrojs/yaml2ts": "^0.2.4",
        "@jridgewell/sourcemap-codec": "^1.5.5",
        "@volar/kit": "~2.4.28",
        "@volar/language-core": "~2.4.28",
        "@volar/language-server": "~2.4.28",
        "@volar/language-service": "~2.4.28",
        "muggle-string": "^0.4.1",
        "tinyglobby": "^0.2.16",
        "volar-service-css": "0.0.71",
        "volar-service-emmet": "0.0.71",
        "volar-service-html": "0.0.71",
        "volar-service-prettier": "0.0.71",
        "volar-service-typescript": "0.0.71",
        "volar-service-typescript-twoslash-queries": "0.0.71",
        "volar-service-yaml": "0.0.71",
        "vscode-html-languageservice": "^5.6.2",
        "vscode-uri": "^3.1.0"
      },
      "bin": {
        "astro-ls": "bin/nodeServer.js"
      },
      "peerDependencies": {
        "prettier": "^3.0.0",
        "prettier-plugin-astro": ">=0.11.0"
      },
      "peerDependenciesMeta": {
        "prettier": {
          "optional": true
        },
        "prettier-plugin-astro": {
          "optional": true
        }
      }
    },
    "node_modules/@astrojs/markdown-remark": {
      "version": "7.2.0",
      "resolved": "https://registry.npmjs.org/@astrojs/markdown-remark/-/markdown-remark-7.2.0.tgz",
      "integrity": "sha512-+YxmVQu1Bd+MFfSzjq1rOJvD9+nIOJzz5YIIhdIH01RrxRkKbyKoEgyIqP3yv51MhzMDgd79QaPv+kCVPT8vHw==",
      "license": "MIT",
      "dependencies": {
        "@astrojs/internal-helpers": "0.10.0",
        "@astrojs/prism": "4.0.2",
        "github-slugger": "^2.0.0",
        "hast-util-from-html": "^2.0.3",
        "hast-util-to-text": "^4.0.2",
        "mdast-util-definitions": "^6.0.0",
        "rehype-raw": "^7.0.0",
        "rehype-stringify": "^10.0.1",
        "remark-gfm": "^4.0.1",
        "remark-parse": "^11.0.0",
        "remark-rehype": "^11.1.2",
        "remark-smartypants": "^3.0.2",
        "unified": "^11.0.5",
        "unist-util-remove-position": "^5.0.0",
        "unist-util-visit": "^5.1.0",
        "unist-util-visit-parents": "^6.0.2",
        "vfile": "^6.0.3"
      }
    },
    "node_modules/@astrojs/mdx": {
      "version": "6.0.3",
      "resolved": "https://registry.npmjs.org/@astrojs/mdx/-/mdx-6.0.3.tgz",
      "integrity": "sha512-+4P3ZvwsRAqAbBgY+uZMewFo3ficlIBPZfu/Luk+v4ia/ZOuFhpsw7r+7672uT2Fc1UPdp7yW0eU5egvSq0wbw==",
      "dev": true,
      "license": "MIT",
      "dependencies": {
        "@astrojs/internal-helpers": "0.10.0",
        "@astrojs/markdown-remark": "7.2.0",
        "@mdx-js/mdx": "^3.1.1",
        "acorn": "^8.16.0",
        "es-module-lexer": "^2.0.0",
        "estree-util-visit": "^2.0.0",
        "hast-util-to-html": "^9.0.5",
        "piccolore": "^0.1.3",
        "rehype-raw": "^7.0.0",
        "remark-gfm": "^4.0.1",
        "remark-smartypants": "^3.0.2",
        "source-map": "^0.7.6",
        "unist-util-visit": "^5.1.0",
        "vfile": "^6.0.3"
      },
      "engines": {
        "node": ">=22.12.0"
      },
      "peerDependencies": {
        "@astrojs/markdown-satteri": "0.3.0",
        "astro": "^6.4.0"
      },
      "peerDependenciesMeta": {
        "@astrojs/markdown-satteri": {
          "optional": true
        }
      }
    },
    "node_modules/@astrojs/prism": {
      "version": "4.0.2",
      "resolved": "https://registry.npmjs.org/@astrojs/prism/-/prism-4.0.2.tgz",
      "integrity": "sha512-KTivpmnz6lDsC6o9H4+DNm2SrE/GHzw8cNAvEJwAvUT+eoaEnn/4NtbDNfRRaxaJHdp15gf+tfHAWiXR4wB3BA==",
      "license": "MIT",
      "dependencies": {
        "prismjs": "^1.30.0"
      },
      "engines": {
        "node": ">=22.12.0"
      }
    },
    "node_modules/@astrojs/sitemap": {
      "version": "3.7.3",
      "resolved": "https://registry.npmjs.org/@astrojs/sitemap/-/sitemap-3.7.3.tgz",
      "integrity": "sha512-f8euLVsyeAmAkSm/1M2Kb8sL8byQmfgbvBNaHFItCheTj/IpiJYSEWVcqDHZ/yEHxiS7+w87mQkzwZaPHmk5GA==",
      "license": "MIT",
      "dependencies": {
        "sitemap": "^9.0.0",
        "stream-replace-string": "^2.0.0",
        "zod": "^4.3.6"
      }
    },
    "node_modules/@astrojs/telemetry": {
      "version": "3.3.2",
      "resolved": "https://registry.npmjs.org/@astrojs/telemetry/-/telemetry-3.3.2.tgz",
      "integrity": "sha512-j8DNruA8ors99Al39RYZPJK4DC1bKkoNm93mAMuBhY9TCNC4R8n1q7ovFnJ5qhGh5Lsh7pa1gpQVpYpsJPeTHQ==",
      "license": "MIT",
      "dependencies": {
        "ci-info": "^4.4.0",
        "dset": "^3.1.4",
        "is-docker": "^4.0.0",
        "is-wsl": "^3.1.1",
        "which-pm-runs": "^1.1.0"
      },
      "engines": {
        "node": "18.20.8 || ^20.3.0 || >=22.0.0"
      }
    },
    "node_modules/@astrojs/yaml2ts": {
      "version": "0.2.4",
      "resolved": "https://registry.npmjs.org/@astrojs/yaml2ts/-/yaml2ts-0.2.4.tgz",
      "integrity": "sha512-8oddpOae35pJsXPQXhTkM0ypfKPskVsh2bCxRtbf7e+/Epw2nReakFYpLKjZMEr75CsoF203PMnCocpfz0s69A==",
      "dev": true,
      "license": "MIT",
      "dependencies": {
        "yaml": "^2.8.3"
      }
    },
    "node_modules/@babel/helper-string-parser": {
      "version": "7.29.7",
      "resolved": "https://registry.npmjs.org/@babel/helper-string-parser/-/helper-string-parser-7.29.7.tgz",
      "integrity": "sha512-Pb5ijPrZ89GDH8223L4UP8i6QApWxs04RbPQJTeWDV0/keR2E36MeKnyr6LYmUUvqRRI+Iv87SuF1W6ErINzYw==",
      "license": "MIT",
      "engines": {
        "node": ">=6.9.0"
      }
    },
    "node_modules/@babel/helper-validator-identifier": {
      "version": "7.29.7",
      "resolved": "https://registry.npmjs.org/@babel/helper-validator-identifier/-/helper-validator-identifier-7.29.7.tgz",
      "integrity": "sha512-qehxGkRj55h/ff8EMaJ+cYhyaKlHIxqYDn682wQD7RNp9UujOQsHog2uS0r2vzr4pW+sXf90NeeayjcNaX3fFg==",
      "license": "MIT",
      "engines": {
        "node": ">=6.9.0"
      }
    },
    "node_modules/@babel/parser": {
      "version": "7.29.7",
      "resolved": "https://registry.npmjs.org/@babel/parser/-/parser-7.29.7.tgz",
      "integrity": "sha512-hnORnjP/1P/zFEndoeX+n+t1RwWRJiJpM/jO7FW32Kn9r5+sJB2JWOdYo4L6k78j15eCwY3Gm/7364B1EMwtNg==",
      "license": "MIT",
      "dependencies": {
        "@babel/types": "^7.29.7"
      },
      "bin": {
        "parser": "bin/babel-parser.js"
      },
      "engines": {
        "node": ">=6.0.0"
      }
    },
    "node_modules/@babel/types": {
      "version": "7.29.7",
      "resolved": "https://registry.npmjs.org/@babel/types/-/types-7.29.7.tgz",
      "integrity": "sha512-4zBIxpPzowiZpusoFkyGVwakdRJUyuH5PxQ/PrqghfdFWWasvnCdPfQXHrenDai+gyLARulZjZowCOj6fjT4pA==",
      "license": "MIT",
      "dependencies": {
        "@babel/helper-string-parser": "^7.29.7",
        "@babel/helper-validator-identifier": "^7.29.7"
      },
      "engines": {
        "node": ">=6.9.0"
      }
    },
    "node_modules/@capsizecss/unpack": {
      "version": "4.0.1",
      "resolved": "https://registry.npmjs.org/@capsizecss/unpack/-/unpack-4.0.1.tgz",
      "integrity": "sha512-CuNiSqg7+e1cO/GjffyMOm5Tt2jUF9CWHHnvQ/UkqvtkGfHdgwEC0wpmq7fkN3gxwpRnrAN0WzO3vREKmNolMQ==",
      "license": "MIT",
      "dependencies": {
        "fontkitten": "^1.0.3"
      },
      "engines": {
        "node": ">=18"
      }
    },
    "node_modules/@clack/core": {
      "version": "1.4.3",
      "resolved": "https://registry.npmjs.org/@clack/core/-/core-1.4.3.tgz",
      "integrity": "sha512-/kr3UWNtdJfxZtPgDqUOmG2pvwlmcLGheex5yiZKdwbzZJxhV+HMNR9QNmyY5cGwTNV6LrR7Jtp+KjhUAP1qBQ==",
      "license": "MIT",
      "dependencies": {
        "fast-wrap-ansi": "^0.2.0",
        "sisteransi": "^1.0.5"
      },
      "engines": {
        "node": ">= 20.12.0"
      }
    },
    "node_modules/@clack/prompts": {
      "version": "1.7.0",
      "resolved": "https://registry.npmjs.org/@clack/prompts/-/prompts-1.7.0.tgz",
      "integrity": "sha512-y7/yvZ2TPAnR9+jnc00klvNNLkJiXFFrQA/hlLCcxA9a2A4zQIOimyFQ9XfwYKiGD1fb5GY8vbKIIgO8d5Tb2A==",
      "license": "MIT",
      "dependencies": {
        "@clack/core": "1.4.3",
        "fast-string-width": "^3.0.2",
        "fast-wrap-ansi": "^0.2.0",
        "sisteransi": "^1.0.5"
      },
      "engines": {
        "node": ">= 20.12.0"
      }
    },
    "node_modules/@emmetio/abbreviation": {
      "version": "2.3.3",
      "resolved": "https://registry.npmjs.org/@emmetio/abbreviation/-/abbreviation-2.3.3.tgz",
      "integrity": "sha512-mgv58UrU3rh4YgbE/TzgLQwJ3pFsHHhCLqY20aJq+9comytTXUDNGG/SMtSeMJdkpxgXSXunBGLD8Boka3JyVA==",
      "dev": true,
      "license": "MIT",
      "dependencies": {
        "@emmetio/scanner": "^1.0.4"
      }
    },
    "node_modules/@emmetio/css-abbreviation": {
      "version": "2.1.8",
      "resolved": "https://registry.npmjs.org/@emmetio/css-abbreviation/-/css-abbreviation-2.1.8.tgz",
      "integrity": "sha512-s9yjhJ6saOO/uk1V74eifykk2CBYi01STTK3WlXWGOepyKa23ymJ053+DNQjpFcy1ingpaO7AxCcwLvHFY9tuw==",
      "dev": true,
      "license": "MIT",
      "dependencies": {
        "@emmetio/scanner": "^1.0.4"
      }
    },
    "node_modules/@emmetio/css-parser": {
      "version": "0.4.1",
      "resolved": "https://registry.npmjs.org/@emmetio/css-parser/-/css-parser-0.4.1.tgz",
      "integrity": "sha512-2bC6m0MV/voF4CTZiAbG5MWKbq5EBmDPKu9Sb7s7nVcEzNQlrZP6mFFFlIaISM8X6514H9shWMme1fCm8cWAfQ==",
      "dev": true,
      "license": "MIT",
      "dependencies": {
        "@emmetio/stream-reader": "^2.2.0",
        "@emmetio/stream-reader-utils": "^0.1.0"
      }
    },
    "node_modules/@emmetio/html-matcher": {
      "version": "1.3.0",
      "resolved": "https://registry.npmjs.org/@emmetio/html-matcher/-/html-matcher-1.3.0.tgz",
      "integrity": "sha512-NTbsvppE5eVyBMuyGfVu2CRrLvo7J4YHb6t9sBFLyY03WYhXET37qA4zOYUjBWFCRHO7pS1B9khERtY0f5JXPQ==",
      "dev": true,
      "license": "ISC",
      "dependencies": {
        "@emmetio/scanner": "^1.0.0"
      }
    },
    "node_modules/@emmetio/scanner": {
      "version": "1.0.4",
      "resolved": "https://registry.npmjs.org/@emmetio/scanner/-/scanner-1.0.4.tgz",
      "integrity": "sha512-IqRuJtQff7YHHBk4G8YZ45uB9BaAGcwQeVzgj/zj8/UdOhtQpEIupUhSk8dys6spFIWVZVeK20CzGEnqR5SbqA==",
      "dev": true,
      "license": "MIT"
    },
    "node_modules/@emmetio/stream-reader": {
      "version": "2.2.0",
      "resolved": "https://registry.npmjs.org/@emmetio/stream-reader/-/stream-reader-2.2.0.tgz",
      "integrity": "sha512-fXVXEyFA5Yv3M3n8sUGT7+fvecGrZP4k6FnWWMSZVQf69kAq0LLpaBQLGcPR30m3zMmKYhECP4k/ZkzvhEW5kw==",
      "dev": true,
      "license": "MIT"
    },
    "node_modules/@emmetio/stream-reader-utils": {
      "version": "0.1.0",
      "resolved": "https://registry.npmjs.org/@emmetio/stream-reader-utils/-/stream-reader-utils-0.1.0.tgz",
      "integrity": "sha512-ZsZ2I9Vzso3Ho/pjZFsmmZ++FWeEd/txqybHTm4OgaZzdS8V9V/YYWQwg5TC38Z7uLWUV1vavpLLbjJtKubR1A==",
      "dev": true,
      "license": "MIT"
    },
    "node_modules/@emnapi/runtime": {
      "version": "1.11.2",
      "resolved": "https://registry.npmjs.org/@emnapi/runtime/-/runtime-1.11.2.tgz",
      "integrity": "sha512-kyOl3X0DuTiT1h2ft8r2fYO8JYtU9a9Xis/zBSiGArNaagCOWx90N1k2wxp18czFDH+OgcWGb5ZP/XMt3dcyPA==",
      "license": "MIT",
      "optional": true,
      "dependencies": {
        "tslib": "^2.4.0"
      }
    },
    "node_modules/@esbuild/aix-ppc64": {
      "version": "0.27.7",
      "resolved": "https://registry.npmjs.org/@esbuild/aix-ppc64/-/aix-ppc64-0.27.7.tgz",
      "integrity": "sha512-EKX3Qwmhz1eMdEJokhALr0YiD0lhQNwDqkPYyPhiSwKrh7/4KRjQc04sZ8db+5DVVnZ1LmbNDI1uAMPEUBnQPg==",
      "cpu": [
        "ppc64"
      ],
      "license": "MIT",
      "optional": true,
      "os": [
        "aix"
      ],
      "engines": {
        "node": ">=18"
      }
    },
    "node_modules/@esbuild/android-arm": {
      "version": "0.27.7",
      "resolved": "https://registry.npmjs.org/@esbuild/android-arm/-/android-arm-0.27.7.tgz",
      "integrity": "sha512-jbPXvB4Yj2yBV7HUfE2KHe4GJX51QplCN1pGbYjvsyCZbQmies29EoJbkEc+vYuU5o45AfQn37vZlyXy4YJ8RQ==",
      "cpu": [
        "arm"
      ],
      "license": "MIT",
      "optional": true,
      "os": [
        "android"
      ],
      "engines": {
        "node": ">=18"
     ÷½úæÚ$z{-®éÜj×v—7G'’æçÖ§2æ÷&r÷g66öFRÖÆæwVvW6W'fW"×G—W2òÒ÷g66öFRÖÆæwVvW6W'fW"×G—W2Ó2ãrãRçFw¢"À¢&–çFVw&—G’#¢'6†S"ÔÆCfVÄçUƒ—Dc3–ƒ$†vV#V„U¤Ó%£6¥W'$ÖuuSƒ&¤×E§w7d¥C4'¥Fô·E¤“tæu75¦¦SVó§'”÷&…g¥sÓÒ"À¢&FWb#¢G'VRÀ¢&Æ–6Vç6R#¢$Ô•B ¢ÒÀ¢&æöFUöÖöGVÆW2÷g66öFRÖ‡FÖÂÖÆæwVvW6W'f–6R#¢°¢'fW'6–öâ#¢#Rãbã""À¢'&W6öÇfVB#¢&‡GG3¢ò÷&Vv—7G'’æçÖ§2æ÷&r÷g66öFRÖ‡FÖÂÖÆæwVvW6W'f–6RòÒ÷g66öFRÖ‡FÖÂÖÆæwVvW6W'f–6RÓRãbã"çFw¢"À¢&–çFVw&—G’#¢'6†S"×VÄ7%6äfæee—§gvå•VtV%TVÂõ¤swS&Uc#u–‡dÄö%4„¶¶#†gs£–6w6åWv¥DVTD–D¤FõDEDG‡V…vöVæôÄäÖsÓÒ"À¢&FWb#¢G'VRÀ¢&Æ–6Vç6R#¢$Ô•B"À¢&FWVæFVæ6–W2#¢°¢$g66öFRöÃâ#¢%ããã‚"À¢'g66öFRÖÆæwVvW6W'fW"×FW‡FFö7VÖVçB#¢%ããã""À¢'g66öFRÖÆæwVvW6W'fW"×G—W2#¢%ã2ãrãR"À¢'g66öFR×W&’#¢%ã2ãã ¢Ð¢ÒÀ¢&æöFUöÖöGVÆW2÷g66öFRÖ§6öâÖÆæwVvW6W'f–6R#¢°¢'fW'6–öâ#¢#Bãã‚"À¢'&W6öÇfVB#¢&‡GG3¢ò÷&Vv—7G'’æçÖ§2æ÷&r÷g66öFRÖ§6öâÖÆæwVvW6W'f–6RòÒ÷g66öFRÖ§6öâÖÆæwVvW6W'f–6RÓBãã‚çFw¢"À¢&–çFVw&—G’#¢'6†S"Óe7se†C–†eb¶U¤”ãc7…edÔõFÔ£Dvt‡…†æ´Ä6‚³•'5&µt´–v‡¤Æ…s$#–V&dr´Ås‡TÇG5&T¶¥FtRµösÓÒ"À¢&FWb#¢G'VRÀ¢&Æ–6Vç6R#¢$Ô•B"À¢&FWVæFVæ6–W2#¢°¢&§6öæ2×'6W"#¢%ã2ãã"À¢'g66öFRÖÆæwVvW6W'fW"×FW‡FFö7VÖVçB#¢%ããã"À¢'g66öFRÖÆæwVvW6W'fW"×G—W2#¢%ã2ãbã"À¢'g66öFRÖæÇ2#¢%ãRãã"À¢'g66öFR×W&’#¢%ã2ãã" ¢ÒÀ¢&Væv–æW2#¢°¢&çÒ#¢#ãÓrãã ¢Ð¢ÒÀ¢&æöFUöÖöGVÆW2÷g66öFRÖ§6öç'2#¢°¢'fW'6–öâ#¢#’ãã"À¢'&W6öÇfVB#¢&‡GG3¢ò÷&Vv—7G'’æçÖ§2æ÷&r÷g66öFRÖ§6öç'2òÒ÷g66öFRÖ§6öç'2Ó’ããçFw¢"À¢&–çFVw&—G’#¢'6†S"×&gTeCsTƒfÓTV¶&‡DU§&S—C…4D“$Ô×“B¶åd”&·3T£„¤$T„CGE%•6v$ö–¤”T3u5&´3´·•…DÇ&Öƒ–§sÓÒ"À¢&FWb#¢G'VRÀ¢&Æ–6Vç6R#¢$Ô•B"À¢&Væv–æW2#¢°¢&æöFR#¢#ãÓBãã ¢Ð¢ÒÀ¢&æöFUöÖöGVÆW2÷g66öFRÖÆæwVvW6W'fW"#¢°¢'fW'6–öâ#¢#’ãã"À¢'&W6öÇfVB#¢&‡GG3¢ò÷&Vv—7G'’æçÖ§2æ÷&r÷g66öFRÖÆæwVvW6W'fW"òÒ÷g66öFRÖÆæwVvW6W'fW"Ó’ããçFw¢"À¢&–çFVw&—G’#¢'6†S"×vô'”c5G´„eW&UVt†÷3r·UvFUtÕ…&C#bµ¥ƒ$†4gƒgbô¥GFCB÷Tãö¤#e……–öÄ†&–ó4åD„7&tsVãvsÓÒ"À¢&FWb#¢G'VRÀ¢&Æ–6Vç6R#¢$Ô•B"À¢&FWVæFVæ6–W2#¢°¢'g66öFRÖÆæwVvW6W'fW"×&÷Fö6öÂ#¢#2ãrãR ¢ÒÀ¢&&–â#¢°¢&–ç7FÆÅ6W'fW$–çFôW‡FVç6–öâ#¢&&–âö–ç7FÆÅ6W'fW$–çFôW‡FVç6–öâ ¢Ð¢ÒÀ¢&æöFUöÖöGVÆW2÷g66öFRÖÆæwVvW6W'fW"×&÷Fö6öÂ#¢°¢'fW'6–öâ#¢#2ã‚ã""À¢'&W6öÇfVB#¢&‡GG3¢ò÷&Vv—7G'’æçÖ§2æ÷&r÷g66öFRÖÆæwVvW6W'fW"×&÷Fö6öÂòÒ÷g66öFRÖÆæwVvW6W'fW"×&÷Fö6öÂÓ2ã‚ã"çFw¢"À¢&–çFVw&—G’#¢'6†S"Õ…'”F%C754çF“4¦×…dUT×•5t56“†„Ò²ôµVÄ7“…c¦×'Ó÷tó$T¶“†&Æ†ÔÇT”×§%–&ó÷¤ufd³%sÓÒ"À¢&FWb#¢G'VRÀ¢&Æ–6Vç6R#¢$Ô•B"À¢&FWVæFVæ6–W2#¢°¢'g66öFRÖ§6öç'2#¢#’ãã"À¢'g66öFRÖÆæwVvW6W'fW"×G—W2#¢#2ã‚ã ¢Ð¢ÒÀ¢&æöFUöÖöGVÆW2÷g66öFRÖÆæwVvW6W'fW"×FW‡FFö7VÖVçB#¢°¢'fW'6–öâ#¢#ãã""À¢'&W6öÇfVB#¢&‡GG3¢ò÷&Vv—7G'’æçÖ§2æ÷&r÷g66öFRÖÆæwVvW6W'fW"×FW‡FFö7VÖVçBòÒ÷g66öFRÖÆæwVvW6W'fW"×FW‡FFö7VÖVçBÓãã"çFw¢"À¢&–çFVw&—G’#¢'6†S"Ö7…tåW46å64ÕVVæ¤´·4ô4µ¢ôÃeGc”EE$”wTÅvS3&Ç—¥v†–„ud¢÷&66µ¥„§†fD´4ge$Å36g$—5bõ¤uƒG¤ÓÒ"À¢&FWb#¢G'VRÀ¢&Æ–6Vç6R#¢$Ô•B ¢ÒÀ¢&æöFUöÖöGVÆW2÷g66öFRÖÆæwVvW6W'fW"×G—W2#¢°¢'fW'6–öâ#¢#2ã‚ã"À¢'&W6öÇfVB#¢&‡GG3¢ò÷&Vv—7G'’æçÖ§2æ÷&r÷g66öFRÖÆæwVvW6W'fW"×G—W2òÒ÷g66öFRÖÆæwVvW6W'fW"×G—W2Ó2ã‚ãçFw¢"À¢&–çFVw&—G’#¢'6†S"Ó…G4uäÔ”Ö–”&F´õ&u%7dÆ§V”T–”gDò´·76Õ•w…·U5gfÆcu&¤³…”´4ö¥¥¢µ”F¥„Ucr³tÇfµ6Ô†¶‡å3“–sÓÒ"À¢&FWb#¢G'VRÀ¢&Æ–6Vç6R#¢$Ô•B ¢ÒÀ¢&æöFUöÖöGVÆW2÷g66öFRÖÆæwVvW6W'fW"öæöFUöÖöGVÆW2÷g66öFRÖ§6öç'2#¢°¢'fW'6–öâ#¢#‚ã"ã"À¢'&W6öÇfVB#¢&‡GG3¢ò÷&Vv—7G'’æçÖ§2æ÷&r÷g66öFRÖ§6öç'2òÒ÷g66öFRÖ§6öç'2Ó‚ã"ãçFw¢"À¢&–çFVw&—G’#¢'6†S"Ô2·#T´¥T–f”D–gt¦‡&–3µE•uGT„¥„‡D“t£–ÄöÔ´óvöw…#C§„#t…¥”f„——fô%uw6¶§‡'dFf§•¦dÓÒ"À¢&FWb#¢G'VRÀ¢&Æ–6Vç6R#¢$Ô•B"À¢&Væv–æW2#¢°¢&æöFR#¢#ãÓBãã ¢Ð¢ÒÀ¢&æöFUöÖöGVÆW2÷g66öFRÖÆæwVvW6W'fW"öæöFUöÖöGVÆW2÷g66öFRÖÆæwVvW6W'fW"×&÷Fö6öÂ#¢°¢'fW'6–öâ#¢#2ãrãR"À¢'&W6öÇfVB#¢&‡GG3¢ò÷&Vv—7G'’æçÖ§2æ÷&r÷g66öFRÖÆæwVvW6W'fW"×&÷Fö6öÂòÒ÷g66öFRÖÆæwVvW6W'fW"×&÷Fö6öÂÓ2ãrãRçFw¢"À¢&–çFVw&—G’#¢'6†S"ÖÖ#'e$¤ã…5g¦äE4utÓ—Rö#tƒtV6s“4öu„GTÆFã3w&Âô£4•”CböU”÷77†V4Ã#v„³•¤6ƒ’ô¦Æ¦sÓÒ"À¢&FWb#¢G'VRÀ¢&Æ–6Vç6R#¢$Ô•B"À¢&FWVæFVæ6–W2#¢°¢'g66öFRÖ§6öç'2#¢#‚ã"ã"À¢'g66öFRÖÆæwVvW6W'fW"×G—W2#¢#2ãrãR ¢Ð¢ÒÀ¢&æöFUöÖöGVÆW2÷g66öFRÖÆæwVvW6W'fW"öæöFUöÖöGVÆW2÷g66öFRÖÆæwVvW6W'fW"×G—W2#¢°¢'fW'6–öâ#¢#2ãrãR"À¢'&W6öÇfVB#¢&‡GG3¢ò÷&Vv—7G'’æçÖ§2æ÷&r÷g66öFRÖÆæwVvW6W'fW"×G—W2òÒ÷g66öFRÖÆæwVvW6W'fW"×G—W2Ó2ãrãRçFw¢"À¢&–çFVw&—G’#¢'6†S"ÔÆCfVÄçUƒ—Dc3–ƒ$†vV#V„U¤Ó%£6¥W'$ÖuuSƒ&¤×E§w7d¥C4'¥Fô·E¤“tæu75¦¦SVó§'”÷&…g¥sÓÒ"À¢&FWb#¢G'VRÀ¢&Æ–6Vç6R#¢$Ô•B ¢ÒÀ¢&æöFUöÖöGVÆW2÷g66öFRÖæÇ2#¢°¢'fW'6–öâ#¢#Rã"ã"À¢'&W6öÇfVB#¢&‡GG3¢ò÷&Vv—7G'’æçÖ§2æ÷&r÷g66öFRÖæÇ2òÒ÷g66öFRÖæÇ2ÓRã"ãçFw¢"À¢&–çFVw&—G’#¢'6†S"Õ$‡ƒt#E¥SDUS3B·$·£"÷¥6Ãw„×6d•§Vó‡B´µ¤óe‡E×Wg7g‡etæ7$v&FÖ„Ò÷'#UWsT×¢´ä&f…fæsÓÒ"À¢&FWb#¢G'VRÀ¢&Æ–6Vç6R#¢$Ô•B ¢ÒÀ¢&æöFUöÖöGVÆW2÷g66öFR×W&’#¢°¢'fW'6–öâ#¢#2ãã"À¢'&W6öÇfVB#¢&‡GG3¢ò÷&Vv—7G'’æçÖ§2æ÷&r÷g66öFR×W&’òÒ÷g66öFR×W&’Ó2ããçFw¢"À¢&–çFVw&—G’#¢'6†S"Òô'E7‚·”5vä7fV6'•†G„„F·V³SRôs7‡vä3w“FvÕ6¢´¶s†·§¦t#Dæ²õ4”æ§ãb·vs4Vv%dc%´W†µ'…ÓÒ"À¢&FWb#¢G'VRÀ¢&Æ–6Vç6R#¢$Ô•B ¢ÒÀ¢&æöFUöÖöGVÆW2÷vV"ÖæÖW76W2#¢°¢'fW'6–öâ#¢#"ãã"À¢'&W6öÇfVB#¢&‡GG3¢ò÷&Vv—7G'’æçÖ§2æ÷&r÷vV"ÖæÖW76W2òÒ÷vV"ÖæÖW76W2Ó"ããçFw¢"À¢&–çFVw&—G’#¢'6†S"Ö$·#F¶”æ&·%3w„çFG'D„×§U”teÆ•5G6÷'6ECeTÅFµÄ·WSR´w4gFÆsd¤f¥UGuƒ$G–„Õs&&S‡U'5ÓÒ"À¢&Æ–6Vç6R#¢$Ô•B"À¢&gVæF–ær#¢°¢'G—R#¢&v—F‡V""À¢'W&Â#¢&‡GG3¢òöv—F‡V"æ6öÒ÷7öç6÷'2÷vöö÷&Ò ¢Ð¢ÒÀ¢&æöFUöÖöGVÆW2÷v†–6‚#¢°¢'fW'6–öâ#¢#"ãã""À¢'&W6öÇfVB#¢&‡GG3¢ò÷&Vv—7G'’æçÖ§2æ÷&r÷v†–6‚òÒ÷v†–6‚Ó"ãã"çFw¢"À¢&–çFVw&—G’#¢'6†S"Ô$Ä“5FÃEs5fÃsÃ7—5“cF’¶wu‡4t%•v¶·×Fæ%†w$ÔB·–£w&…s·TTG‡¤¦•„v¤UsVöv´äÔT´äÖ¦–$ÓÒ"À¢&FWb#¢G'VRÀ¢&Æ–6Vç6R#¢$•42"À¢&FWVæFVæ6–W2#¢°¢&—6W†R#¢%ã"ãã ¢ÒÀ¢&&–â#¢°¢&æöFR×v†–6‚#¢&&–âöæöFR×v†–6‚ ¢ÒÀ¢&Væv–æW2#¢°¢&æöFR#¢#ãÒ‚ ¢Ð¢ÒÀ¢&æöFUöÖöGVÆW2÷v†–6‚×Ò×'Vç2#¢°¢'fW'6–öâ#¢#ãã"À¢'&W6öÇfVB#¢&‡GG3¢ò÷&Vv—7G'’æçÖ§2æ÷&r÷v†–6‚×Ò×'Vç2òÒ÷v†–6‚×Ò×'Vç2ÓããçFw¢"À¢&–çFVw&—G’#¢'6†S"Öã'$7W6Ç†dfgõ&#”6s–v•5§52·ÇF66Fsd3$‡—Vd'&ƒ6d$ö—“–æ#fvu$×etõdƒTw&D§6¶£V”uE¤ç†Cu4ÓÒ"À¢&Æ–6Vç6R#¢$Ô•B"À¢&Væv–æW2#¢°¢&æöFR#¢#ãÓB ¢Ð¢ÒÀ¢&æöFUöÖöGVÆW2÷v÷&B×w&#¢°¢'fW'6–öâ#¢#ã"ãR"À¢'&W6öÇfVB#¢&‡GG3¢ò÷&Vv—7G'’æçÖ§2æ÷&r÷v÷&B×w&òÒ÷v÷&B×w&Óã"ãRçFw¢"À¢&–çFVw&—G’#¢'6†S"Ô$ã#$#VVÔÔ“•T×F§$vCVsVT5•5EW“d¥†%—6CW¥—†¤dö6µ3S55DS7vµfõw……f#4'%–4TãEGvST#V4ÓÒ"À¢&FWb#¢G'VRÀ¢&Æ–6Vç6R#¢$Ô•B"À¢&Væv–æW2#¢°¢&æöFR#¢#ãÓãã ¢Ð¢ÒÀ¢&æöFUöÖöGVÆW2÷w&Öç6’#¢°¢'fW'6–öâ#¢#rãã"À¢'&W6öÇfVB#¢&‡GG3¢ò÷&Vv—7G'’æçÖ§2æ÷&r÷w&Öç6’òÒ÷w&Öç6’ÓrããçFw¢"À¢&–çFVw&—G’#¢'6†S"Õ•dt–£&¶ÔÅ5G‡sdç5¦¦ô'†e7w6ã–6FW6Ö3Gµ#3W¥U£Â´æg…fG…FD‡fÔådõe…5”sDWG—Bôf“tCeÓÒ"À¢&FWb#¢G'VRÀ¢&Æ–6Vç6R#¢$Ô•B"À¢&FWVæFVæ6–W2#¢°¢&ç6’×7G–ÆW2#¢%ãBãã"À¢'7G&–ær×v–GF‚#¢%ãBãã"À¢'7G&—Öç6’#¢%ãbãã ¢ÒÀ¢&Væv–æW2#¢°¢&æöFR#¢#ãÓ ¢ÒÀ¢&gVæF–ær#¢°¢'W&Â#¢&‡GG3¢òöv—F‡V"æ6öÒö6†Æ²÷w&Öç6“÷7öç6÷#Ó ¢Ð¢ÒÀ¢&æöFUöÖöGVÆW2÷‡††6‚×v6Ò#¢°¢'fW'6–öâ#¢#ãã"À¢'&W6öÇfVB#¢&‡GG3¢ò÷&Vv—7G'’æçÖ§2æ÷&r÷‡††6‚×v6ÒòÒ÷‡††6‚×v6ÒÓããçFw¢"À¢&–çFVw&—G’#¢'6†S"ÓCw’óe”æ‚·FÇfæBó'w3†“–ƒf×¢ôWUfæ¤—&Õs„C%3Vä73dDr¶Óg¥Dväç£T’·V…£4‡„'3”'5'v4´DÓÒ"À¢&Æ–6Vç6R#¢$Ô•B ¢ÒÀ¢&æöFUöÖöGVÆW2÷“†â#¢°¢'fW'6–öâ#¢#Rãã‚"À¢'&W6öÇfVB#¢&‡GG3¢ò÷&Vv—7G'’æçÖ§2æ÷&r÷“†âòÒ÷“†âÓRãã‚çFw¢"À¢&–çFVw&—G’#¢'6†S"Ódg¦VvTEt¤„¤”ÕDÅ%$Gt†¦DcW3v¦ó—GW§FE„„”ä6Ge2³6ät”çC‡¥"óÆ„åU3bò³u46#“…”ödÓÒ"À¢&FWb#¢G'VRÀ¢&Æ–6Vç6R#¢$•42"À¢&Væv–æW2#¢°¢&æöFR#¢#ãÓ ¢Ð¢ÒÀ¢&æöFUöÖöGVÆW2÷–ÖÂ#¢°¢'fW'6–öâ#¢#"ã’ã"À¢'&W6öÇfVB#¢&‡GG3¢ò÷&Vv—7G'’æçÖ§2æ÷&r÷–ÖÂòÒ÷–ÖÂÓ"ã’ãçFw¢"À¢&–çFVw&—G’#¢'6†S"Ó$f„åƒ6Ö#‡¦Ce§“t”åGE7ÃcT…sevç£7%vÆ´´Æ7–ÂötÔ”Ô¦——Tw$¶T“%”g…U¦FÄ"³4Æ36TÔÇDÃF4ÓÒ"À¢&FWd÷F–öæÂ#¢G'VRÀ¢&Æ–6Vç6R#¢$•42"À¢&&–â#¢°¢'–ÖÂ#¢&&–âæÖ§2 ¢ÒÀ¢&Væv–æW2#¢°¢&æöFR#¢#ãÒBãb ¢ÒÀ¢&gVæF–ær#¢°¢'W&Â#¢&‡GG3¢òöv—F‡V"æ6öÒ÷7öç6÷'2öVVÖVÆ’ ¢Ð¢ÒÀ¢&æöFUöÖöGVÆW2÷–ÖÂÖÆæwVvR×6W'fW"#¢°¢'fW'6–öâ#¢#ã#2ã"À¢'&W6öÇfVB#¢&‡GG3¢ò÷&Vv—7G'’æçÖ§2æ÷&r÷–ÖÂÖÆæwVvR×6W'fW"òÒ÷–ÖÂÖÆæwVvR×6W'fW"Óã#2ãçFw¢"À¢&–çFVw&—G’#¢'6†S"Ó7g”4öW„Ä5wseVµ%wdÕtÕ¢öU¦T5%uWftCfö·ÂóF”6ç‡“%wVÖ%v–f“3uVóW†‡•t£W†ÅS3–Æ¦„æƒtÓÒ"À¢&FWb#¢G'VRÀ¢&Æ–6Vç6R#¢$Ô•B"À¢&FWVæFVæ6–W2#¢°¢$g66öFRöÃâ#¢%ããã‚"À¢&§b#¢%ã‚ãrã"À¢&§bÖG&gBÓB#¢%ããã"À¢&§bÖ“†â#¢%ãBã"ã"À¢'&WGF–W"#¢%ã2ã‚ã"À¢'&WVW7BÖÆ–v‡B#¢%ããRãr"À¢'g66öFRÖ§6öâÖÆæwVvW6W'f–6R#¢#Bãã‚"À¢'g66öFRÖÆæwVvW6W'fW"#¢%ã’ãã"À¢'g66öFRÖÆæwVvW6W'fW"×FW‡FFö7VÖVçB#¢%ããã"À¢'g66öFRÖÆæwVvW6W'fW"×G—W2#¢%ã2ãbã"À¢'g66öFR×W&’#¢%ã2ãã""À¢'–ÖÂ#¢#"ã‚ã2 ¢ÒÀ¢&&–â#¢°¢'–ÖÂÖÆæwVvR×6W'fW"#¢&&–â÷–ÖÂÖÆæwVvR×6W'fW" ¢Ð¢ÒÀ¢&æöFUöÖöGVÆW2÷–ÖÂÖÆæwVvR×6W'fW"öæöFUöÖöGVÆW2ö§b#¢°¢'fW'6–öâ#¢#‚ã#ã"À¢'&W6öÇfVB#¢&‡GG3¢ò÷&Vv—7G'’æçÖ§2æ÷&rö§bòÒö§bÓ‚ã#ãçFw¢"À¢&–çFVw&—G’#¢'6†S"ÕF†&Æ’´öÄö¢¶”Õ”d%d&d£4öÔ4æ7”æãDÓg£•Cdv¶T§C–&ô„•#Sf¦÷“cWE“f·‚ôd4cUe„ä#ƒ•“rôuW$$tÓÒ"À¢&FWb#¢G'VRÀ¢&Æ–6Vç6R#¢$Ô•B"À¢&FWVæFVæ6–W2#¢°¢&f7BÖFVWÖWVÂ#¢%ã2ãã2"À¢&f7B×W&’#¢%ã2ãã"À¢&§6öâ×66†VÖ×G&fW'6R#¢%ããã"À¢'&WV—&RÖg&öÒ×7G&–ær#¢%ã"ãã" ¢ÒÀ¢&gVæF–ær#¢°¢'G—R#¢&v—F‡V""À¢'W&Â#¢&‡GG3¢òöv—F‡V"æ6öÒ÷7öç6÷'2öWö&W&W¦¶–â ¢Ð¢ÒÀ¢&æöFUöÖöGVÆW2÷–ÖÂÖÆæwVvR×6W'fW"öæöFUöÖöGVÆW2ö§bÖG&gBÓB#¢°¢'fW'6–öâ#¢#ãã"À¢'&W6öÇfVB#¢&‡GG3¢ò÷&Vv—7G'’æçÖ§2æ÷&rö§bÖG&gBÓBòÒö§bÖG&gBÓBÓããçFw¢"À¢&–çFVw&—G’#¢'6†S"Ö×cFSfæÕ–%'TD7v6Ç‡GCw•bö¦õ„¥u3väÒ³“tvG‡gWGD4öft“4³ES#W¦&÷–Uƒò¶×”“„U&ÇW…SWvÆ¤ÖÕd—sÓÒ"À¢&FWb#¢G'VRÀ¢&Æ–6Vç6R#¢$Ô•B"À¢'VW$FWVæFVæ6–W2#¢°¢&§b#¢%ã‚ãRã ¢ÒÀ¢'VW$FWVæFVæ6–W4ÖWF#¢°¢&§b#¢°¢&÷F–öæÂ#¢G'VP¢Ð¢Ð¢ÒÀ¢&æöFUöÖöGVÆW2÷–ÖÂÖÆæwVvR×6W'fW"öæöFUöÖöGVÆW2ö§bÖ“†â#¢°¢'fW'6–öâ#¢#Bã"ã"À¢'&W6öÇfVB#¢&‡GG3¢ò÷&Vv—7G'’æçÖ§2æ÷&rö§bÖ“†âòÒö§bÖ“†âÓBã"ãçFw¢"À¢&–çFVw&—G’#¢'6†S"×böV“%V´4VWT´å†ƒ…%Fö”g5V6ÆÕR´sStÄóöó#$ötäÔTä—rµ–#†T×wd‡Sufã–fÖ¶¤§—ce†6Æ„£…F'V–u6vÅ¶sÓÒ"À¢&FWb#¢G'VRÀ¢&Æ–6Vç6R#¢$Ô•B"À¢'VW$FWVæFVæ6–W2#¢°¢&§b#¢%ã‚ããÖ&WFã ¢Ð¢ÒÀ¢&æöFUöÖöGVÆW2÷–ÖÂÖÆæwVvR×6W'fW"öæöFUöÖöGVÆW2ö§6öâ×66†VÖ×G&fW'6R#¢°¢'fW'6–öâ#¢#ãã"À¢'&W6öÇfVB#¢&‡GG3¢ò÷&Vv—7G'’æçÖ§2æ÷&rö§6öâ×66†VÖ×G&fW'6RòÒö§6öâ×66†VÖ×G&fW'6RÓããçFw¢"À¢&–çFVw&—G’#¢'6†S"ÔäÓ‚õ–ã5†¥†„•¦ãÄÆ†´f5DõU%†¥v…cD$õ&ä÷c‡‡fwGƒ””óFÕ%…7ƒ&ÆóGG¦W#4öÇ'V÷“6GVsÓÒ"À¢&FWb#¢G'VRÀ¢&Æ–6Vç6R#¢$Ô•B ¢ÒÀ¢&æöFUöÖöGVÆW2÷–ÖÂÖÆæwVvR×6W'fW"öæöFUöÖöGVÆW2÷&WVW7BÖÆ–v‡B#¢°¢'fW'6–öâ#¢#ãRã‚"À¢'&W6öÇfVB#¢&‡GG3¢ò÷&Vv—7G'’æçÖ§2æ÷&r÷&WVW7BÖÆ–v‡BòÒ÷&WVW7BÖÆ–v‡BÓãRã‚çFw¢"À¢&–çFVw&—G’#¢'6†S"Ó5¦¦v‚³†#Vf…$¤%¦÷’·¦%d·tÇ–¶Õus7§'UDcFDdd£„g6gS•—4f’÷'fF6FUts4Ö¶%§cEt·„âóƒDÆsÓÒ"À¢&FWb#¢G'VRÀ¢&Æ–6Vç6R#¢$Ô•B ¢ÒÀ¢&æöFUöÖöGVÆW2÷–ÖÂÖÆæwVvR×6W'fW"öæöFUöÖöGVÆW2÷–ÖÂ#¢°¢'fW'6–öâ#¢#"ã‚ã2"À¢'&W6öÇfVB#¢&‡GG3¢ò÷&Vv—7G'’æçÖ§2æ÷&r÷–ÖÂòÒ÷–ÖÂÓ"ã‚ã2çFw¢"À¢&–çFVw&—G’#¢'6†S"Ôf&4Äôó$÷GröÅsV&Öƒ–BõtVF4DfE%£%¥Tƒ7ƒ•S&–‡•U“çdÇct£eG%v÷v¶Å$u–$"ô—T”Öe–w†5sT'sÓÒ"À¢&FWb#¢G'VRÀ¢&Æ–6Vç6R#¢$•42"À¢&&–â#¢°¢'–ÖÂ#¢&&–âæÖ§2 ¢ÒÀ¢&Væv–æW2#¢°¢&æöFR#¢#ãÒBãb ¢ÒÀ¢&gVæF–ær#¢°¢'W&Â#¢&‡GG3¢òöv—F‡V"æ6öÒ÷7öç6÷'2öVVÖVÆ’ ¢Ð¢ÒÀ¢&æöFUöÖöGVÆW2÷–&w2#¢°¢'fW'6–öâ#¢#rãrã2"À¢'&W6öÇfVB#¢&‡GG3¢ò÷&Vv—7G'’æçÖ§2æ÷&r÷–&w2òÒ÷–&w2Órãrã2çFw¢"À¢&–çFVw&—G’#¢'6†S"Ôu§F§†Òô¢óEE7‡TÃ4då–¤6ÔÆ·D%Fä—r÷%fÔµ4—”¶U”§Ô¤#&–s•fT43W‡6ƒ$täµd´Döã4µg¤çC¦×%SsÓÒ"À¢&FWb#¢G'VRÀ¢&Æ–6Vç6R#¢$Ô•B"À¢&FWVæFVæ6–W2#¢°¢&6Æ—V’#¢%ã‚ãã"À¢&W66ÆFR#¢%ã2ãã"À¢&vWBÖ6ÆÆW"Öf–ÆR#¢%ã"ããR"À¢'&WV—&RÖF—&V7F÷'’#¢%ã"ãã"À¢'7G&–ær×v–GF‚#¢%ãBã"ã2"À¢'“†â#¢%ãRããR"À¢'–&w2×'6W"#¢%ã#ãã ¢ÒÀ¢&Væv–æW2#¢°¢&æöFR#¢#ãÓ" ¢Ð¢ÒÀ¢&æöFUöÖöGVÆW2÷–&w2×'6W"#¢°¢'fW'6–öâ#¢##"ãã"À¢'&W6öÇfVB#¢&‡GG3¢ò÷&Vv—7G'’æçÖ§2æ÷&r÷–&w2×'6W"òÒ÷–&w2×'6W"Ó#"ããçFw¢"À¢&–çFVw&—G’#¢'6†S"×'wRô6ÄæE4×µ7%V"¶Cd%'56´ÅWfÖg5“eD÷—¥Gwgv¶sôå$sƒT´'“6·²´„ÄµuƒfÇ7R¶vB³&¶‡gU‡'sÓÒ"À¢&Æ–6Vç6R#¢$•42"À¢&Væv–æW2#¢°¢&æöFR#¢%ã#ã’ãÇÂã#"ã"ãÇÂãÓ#2 ¢Ð¢ÒÀ¢&æöFUöÖöGVÆW2÷–&w2öæöFUöÖöGVÆW2÷–&w2×'6W"#¢°¢'fW'6–öâ#¢##ãã"À¢'&W6öÇfVB#¢&‡GG3¢ò÷&Vv—7G'’æçÖ§2æ÷&r÷–&w2×'6W"òÒ÷–&w2×'6W"Ó#ããçFw¢"À¢&–çFVw&—G’#¢'6†S"×Eg4¥stFF¦V4”g$”#S7„•4Sdæõ3RöUFG&&$”3FƒÅg5v†æö6r¶Ó$†6Ä$—V¤‡§7…£Ed¥d´uWV3"ôÄ'sÓÒ"À¢&FWb#¢G'VRÀ¢&Æ–6Vç6R#¢$•42"À¢&Væv–æW2#¢°¢&æöFR#¢#ãÓ" ¢Ð¢ÒÀ¢&æöFUöÖöGVÆW2÷–ö7Fò×VWVR#¢°¢'fW'6–öâ#¢#ã"ã""À¢'&W6öÇfVB#¢&‡GG3¢ò÷&Vv—7G'’æçÖ§2æ÷&r÷–ö7Fò×VWVRòÒ÷–ö7Fò×VWVRÓã"ã"çFw¢"À¢&–çFVw&—G’#¢'6†S"ÓDÄ676RõS$Ô…£c4„¥dR·csów”öD–SF5£swc„Bô—–¤Dµ•ÅcTtCCd"¶…5F¤§7ecU§F§d†õSSƒVgG†¤E¤eÓÒ"À¢&Æ–6Vç6R#¢$Ô•B"À¢&Væv–æW2#¢°¢&æöFR#¢#ãÓ"ã# ¢ÒÀ¢&gVæF–ær#¢°¢'W&Â#¢&‡GG3¢òöv—F‡V"æ6öÒ÷7öç6÷'2÷6–æG&W6÷&‡W2 ¢Ð¢ÒÀ¢&æöFUöÖöGVÆW2÷¦öB#¢°¢'fW'6–öâ#¢#BãBã2"À¢'&W6öÇfVB#¢&‡GG3¢ò÷&Vv—7G'’æçÖ§2æ÷&r÷¦öBòÒ÷¦öBÓBãBã2çFw¢"À¢&–çFVw&—G’#¢'6†S"×—DTäf¤”¤fÃ%Wu–vÆFS&¦6…s$‡vÓDt¤dÄF•5…vEG$¥$”ã”f7—vãDF‡„¤V•tä¤Õcô'verö¶¶ssTF4„§•EÓÒ"À¢&Æ–6Vç6R#¢$Ô•B"À¢&gVæF–ær#¢°¢'W&Â#¢&‡GG3¢òöv—F‡V"æ6öÒ÷7öç6÷'2ö6öÆ–æ†6·2 ¢Ð¢ÒÀ¢&æöFUöÖöGVÆW2÷§v—F6‚#¢°¢'fW'6–öâ#¢#"ããB"À¢'&W6öÇfVB#¢&‡GG3¢ò÷&Vv—7G'’æçÖ§2æ÷&r÷§v—F6‚òÒ÷§v—F6‚Ó"ããBçFw¢"À¢&–çFVw&—G’#¢'6†S"Ö%„SF5"öµe¦„µ¥‚õ&¥VfÄ†µf…UfÃƒVæõS7cf#†eV3ƒD·¤'†¥£FÄã„ÇvCeu£6FÃ“‡“FósudfÖõ´ÓÒ"À¢&Æ–6Vç6R#¢$Ô•B"À¢&gVæF–ær#¢°¢'G—R#¢&v—F‡V""À¢'W&Â#¢&‡GG3¢òöv—F‡V"æ6öÒ÷7öç6÷'2÷vöö÷&Ò ¢Ð¢Ð¢Ð§Ð